
Microsoft Visual Studio Solution File, Format Version 12.00
# Visual Studio 15
VisualStudioVersion = 15.0.28307.572
MinimumVisualStudioVersion = 10.0.40219.1
Project("{FAE04EC0-301F-11D3-BF4B-00C04F79EFBC}") = "Pipeliner", "Pipeliner\Pipeliner.csproj", "{338D4E9E-6365-4F3C-AD50-06CE49B85845}"
EndProject
Project("{FAE04EC0-301F-11D3-BF4B-00C04F79EFBC}") = "Pipeliner.Tests", "Pipeliner.Tests\Pipeliner.Tests.csproj", "{D90BE30E-5848-420C-86DC-D2B684509539}"
EndProject
Global
	GlobalSection(SolutionConfigurationPlatforms) = preSolution
		Debug|Any CPU = Debug|Any CPU
		Release|Any CPU = Release|Any CPU
	EndGlobalSection
	GlobalSection(ProjectConfigurationPlatforms) = postSolution
		{338D4E9E-6365-4F3C-AD50-06CE49B85845}.Debug|Any CPU.ActiveCfg = Debug|Any CPU
		{338D4E9E-6365-4F3C-AD50-06CE49B85845}.Debug|Any CPU.Build.0 = Debug|Any CPU
		{338D4E9E-6365-4F3C-AD50-06CE49B85845}.Release|Any CPU.ActiveCfg = Release|Any CPU
		{338D4E9E-6365-4F3C-AD50-06CE49B85845}.Release|Any CPU.Build.0 = Release|Any CPU
		{D90BE30E-5848-420C-86DC-D2B684509539}.Debug|Any CPU.ActiveCfg = Debug|Any CPU
		{D90BE30E-5848-420C-86DC-D2B684509539}.Debug|Any CPU.Build.0 = Debug|Any CPU
		{D90BE30E-5848-420C-86DC-D2B684509539}.Release|Any CPU.ActiveCfg = Release|Any CPU
		{D90BE30E-5848-420C-86DC-D2B684509539}.Release|Any CPU.Build.0 = Release|Any CPU
	EndGlobalSection
	GlobalSection(SolutionProperties) = preSolution
		HideSolutionNode = FALSE
	EndGlobalSection
	GlobalSection(ExtensibilityGlobals) = postSolution
		SolutionGuid = {D33B12BC-9944-4F4B-81DE-30BE5A2C9A60}
	EndGlobalSection
EndGlobal
